Microsoft Visual Studio Solution File, Format Version 8.00
Project("{FAE04EC0-301F-11D3-BF4B-00C04F79EFBC}") = "WSCOrders", "http://localhost/WSCOrders/WSCOrders.csproj", "{C6479661-B717-48C1-A0FF-3A24538BDD15}"
	ProjectSection(ProjectDependencies) = postProject
	EndProjectSection
EndProject
Global
	GlobalSection(SolutionConfiguration) = preSolution
		Debug = Debug
		Release = Release
	EndGlobalSection
	GlobalSection(ProjectConfiguration) = postSolution
		{C6479661-B717-48C1-A0FF-3A24538BDD15}.Debug.ActiveCfg = Debug|.NET
		{C6479661-B717-48C1-A0FF-3A24538BDD15}.Debug.Build.0 = Debug|.NET
		{C6479661-B717-48C1-A0FF-3A24538BDD15}.Release.ActiveCfg = Release|.NET
		{C6479661-B717-48C1-A0FF-3A24538BDD15}.Release.Build.0 = Release|.NET
	EndGlobalSection
	GlobalSection(ExtensibilityGlobals) = postSolution
	EndGlobalSection
	GlobalSection(ExtensibilityAddIns) = postSolution
	EndGlobalSection
EndGlobal
